
Microsoft Visual Studio Solution File, Format Version 12.00
# Visual Studio Version 16
VisualStudioVersion = 16.0.30204.135
MinimumVisualStudioVersion = 10.0.40219.1
Project("{9A19103F-16F7-4668-BE54-9A1E7A4F7556}") = "ECAR.DocuSign", "ECAR.DocuSign\ECAR.DocuSign.csproj", "{644F4D03-BDB9-4101-A400-46535F0798BC}"
EndProject
Project("{9A19103F-16F7-4668-BE54-9A1E7A4F7556}") = "DocuSignTester", "DocuSignTester\DocuSignTester.csproj", "{BE66BAD0-8744-4D84-8DD7-6C416A80D0E9}"
EndProject
Project("{2150E333-8FDC-42A3-9474-1A3956D46DE8}") = "Solution Items", "Solution Items", "{BC3D0DEA-93C7-4AB7-AE97-C86985EBDD94}"
	ProjectSection(SolutionItems) = preProject
		README.md = README.md
		Sample.md = Sample.md
	EndProjectSection
EndProject
Global
	GlobalSection(SolutionConfigurationPlatforms) = preSolution
		Debug|Any CPU = Debug|Any CPU
		Release|Any CPU = Release|Any CPU
	EndGlobalSection
	GlobalSection(ProjectConfigurationPlatforms) = postSolution
		{644F4D03-BDB9-4101-A400-46535F0798BC}.Debug|Any CPU.ActiveCfg = Debug|Any CPU
		{644F4D03-BDB9-4101-A400-46535F0798BC}.Debug|Any CPU.Build.0 = Debug|Any CPU
		{644F4D03-BDB9-4101-A400-46535F0798BC}.Release|Any CPU.ActiveCfg = Release|Any CPU
		{644F4D03-BDB9-4101-A400-46535F0798BC}.Release|Any CPU.Build.0 = Release|Any CPU
		{BE66BAD0-8744-4D84-8DD7-6C416A80D0E9}.Debug|Any CPU.ActiveCfg = Debug|Any CPU
		{BE66BAD0-8744-4D84-8DD7-6C416A80D0E9}.Debug|Any CPU.Build.0 = Debug|Any CPU
		{BE66BAD0-8744-4D84-8DD7-6C416A80D0E9}.Release|Any CPU.ActiveCfg = Release|Any CPU
		{BE66BAD0-8744-4D84-8DD7-6C416A80D0E9}.Release|Any CPU.Build.0 = Release|Any CPU
	EndGlobalSection
	GlobalSection(SolutionProperties) = preSolution
		HideSolutionNode = FALSE
	EndGlobalSection
	GlobalSection(ExtensibilityGlobals) = postSolution
		SolutionGuid = {339BAF09-7B01-41C8-A60A-8B49F958E395}
	EndGlobalSection
EndGlobal
